
Microsoft Visual Studio Solution File, Format Version 11.00
# Visual Studio 2010
Project("{FAE04EC0-301F-11D3-BF4B-00C04F79EFBC}") = "WcfRestService1", "WcfRestService1\WcfRestService1.csproj", "{C195AA69-6277-4A70-9DC0-2B6462DFD037}"
EndProject
Global
	GlobalSection(SolutionConfigurationPlatforms) = preSolution
		Debug|Any CPU = Debug|Any CPU
		Release|Any CPU = Release|Any CPU
	EndGlobalSection
	GlobalSection(ProjectConfigurationPlatforms) = postSolution
		{C195AA69-6277-4A70-9DC0-2B6462DFD037}.Debug|Any CPU.ActiveCfg = Debug|Any CPU
		{C195AA69-6277-4A70-9DC0-2B6462DFD037}.Debug|Any CPU.Build.0 = Debug|Any CPU
		{C195AA69-6277-4A70-9DC0-2B6462DFD037}.Release|Any CPU.ActiveCfg = Release|Any CPU
		{C195AA69-6277-4A70-9DC0-2B6462DFD037}.Release|Any CPU.Build.0 = Release|Any CPU
	EndGlobalSection
	GlobalSection(SolutionProperties) = preSolution
		HideSolutionNode = FALSE
	EndGlobalSection
EndGlobal
